// !$*UTF8*$!
{
	archiveVersion = 1;
	classes = {
	};
	objectVersion = 46;
	objects = {

/* Begin PBXBuildFile section */
		711706821A76C44A00F225D5 /* AppDelegate.swift in Sources */ = {isa = PBXBuildFile; fileRef = 711706811A76C44A00F225D5 /* AppDelegate.swift */; };
		711706841A76C44A00F225D5 /* ViewController.swift in Sources */ = {isa = PBXBuildFile; fileRef = 711706831A76C44A00F225D5 /* ViewController.swift */; };
		711706871A76C44A00F225D5 /* Main.storyboard in Resources */ = {isa = PBXBuildFile; fileRef = 711706851A76C44A00F225D5 /* Main.storyboard */; };
		711706891A76C44A00F225D5 /* Images.xcassets in Resources */ = {isa = PBXBuildFile; fileRef = 711706881A76C44A00F225D5 /* Images.xcassets */; };
		7117068C1A76C44A00F225D5 /* LaunchScreen.xib in Resources */ = {isa = PBXBuildFile; fileRef = 7117068A1A76C44A00F225D5 /* LaunchScreen.xib */; };
		711706981A76C44A00F225D5 /* WarTests.swift in Sources */ = {isa = PBXBuildFile; fileRef = 711706971A76C44A00F225D5 /* WarTests.swift */; };
/* End PBXBuildFile section */

/* Begin PBXContainerItemProxy section */
		711706921A76C44A00F225D5 /* PBXContainerItemProxy */ = {
			isa = PBXContainerItemProxy;
			containerPortal = 711706741A76C44A00F225D5 /* Project object */;
			proxyType = 1;
			remoteGlobalIDString = 7117067B1A76C44A00F225D5;
			remoteInfo = War;
		};
/* End PBXContainerItemProxy section */

/* Begin PBXFileReference section */
		7117067C1A76C44A00F225D5 /* War.app */ = {isa = PBXFileReference; explicitFileType = wrapper.application; includeInIndex = 0; path = War.app; sourceTree = BUILT_PRODUCTS_DIR; };
		711706801A76C44A00F225D5 /* Info.plist */ = {isa = PBXFileReference; lastKnownFileType = text.plist.xml; path = Info.plist; sourceTree = "<group>"; };
		711706811A76C44A00F225D5 /* AppDelegate.swift */ = {isa = PBXFileReference; lastKnownFileType = sourcecode.swift; path = AppDelegate.swift; sourceTree = "<group>"; };
		711706831A76C44A00F225D5 /* ViewController.swift */ = {isa = PBXFileReference; lastKnownFileType = sourcecode.swift; path = ViewController.swift; sourceTree = "<group>"; };
		711706861A76C44A00F225D5 /* Base */ = {isa = PBXFileReference; lastKnownFileType = file.storyboard; name = Base; path = Base.lproj/Main.storyboard; sourceTree = "<group>"; };
		711706881A76C44A00F225D5 /* Images.xcassets */ = {isa = PBXFileReference; lastKnownFileType = folder.assetcatalog; path = Images.xcassets; sourceTree = "<group>"; };
		7117068B1A76C44A00F225D5 /* Base */ = {isa = PBXFileReference; lastKnownFileType = file.xib; name = Base; path = Base.lproj/LaunchScreen.xib; sourceTree = "<group>"; };
		711706911A76C44A00F225D5 /* WarTests.xctest */ = {isa = PBXFileReference; explicitFileType = wrapper.cfbundle; includeInIndex = 0; path = WarTests.xctest; sourceTree = BUILT_PRODUCTS_DIR; };
		711706961A76C44A00F225D5 /* Info.plist */ = {isa = PBXFileReference; lastKnownFileType = text.plist.xml; path = Info.plist; sourceTree = "<group>"; };
		711706971A76C44A00F225D5 /* WarTests.swift */ = {isa = PBXFileReference; lastKnownFileType = sourcecode.swift; path = WarTests.swift; sourceTree = "<group>"; };
/* End PBXFileReference section */

/* Begin PBXFrameworksBuildPhase section */
		711706791A76C44A00F225D5 /* Frameworks */ = {
			isa = PBXFrameworksBuildPhase;
			buildActionMask = 2147483647;
			files = (
			);
			runOnlyForDeploymentPostprocessing = 0;
		};
		7117068E1A76C44A00F225D5 /* Frameworks */ = {
			isa = PBXFrameworksBuildPhase;
			buildActionMask = 2147483647;
			files = (
			);
			runOnlyForDeploymentPostprocessing = 0;
		};
/* End PBXFrameworksBuildPhase section */

/* Begin PBXGroup section */
		711706731A76C44A00F225D5 = {
			isa = PBXGroup;
			children = (
				7117067E1A76C44A00F225D5 /* War */,
				711706941A76C44A00F225D5 /* WarTests */,
				7117067D1A76C44A00F225D5 /* Products */,
			);
			sourceTree = "<group>";
		};
		7117067D1A76C44A00F225D5 /* Products */ = {
			isa = PBXGroup;
			children = (
				7117067C1A76C44A00F225D5 /* War.app */,
				711706911A76C44A00F225D5 /* WarTests.xctest */,
			);
			name = Products;
			sourceTree = "<group>";
		};
		7117067E1A76C44A00F225D5 /* War */ = {
			isa = PBXGroup;
			children = (
				711706811A76C44A00F225D5 /* AppDelegate.swift */,
				711706831A76C44A00F225D5 /* ViewController.swift */,
				711706851A76C44A00F225D5 /* Main.storyboard */,
				711706881A76C44A00F225D5 /* Images.xcassets */,
				7117068A1A76C44A00F225D5 /* LaunchScreen.xib */,
				7117067F1A76C44A00F225D5 /* Supporting Files */,
			);
			path = War;
			sourceTree = "<group>";
		};
		7117067F1A76C44A00F225D5 /* Supporting Files */ = {
			isa = PBXGroup;
			children = (
				711706801A76C44A00F225D5 /* Info.plist */,
			);
			name = "Supporting Files";
			sourceTree = "<group>";
		};
		711706941A76C44A00F225D5 /* WarTests */ = {
			isa = PBXGroup;
			children = (
				711706971A76C44A00F225D5 /* WarTests.swift */,
				711706951A76C44A00F225D5 /* Supporting Files */,
			);
			path = WarTests;
			sourceTree = "<group>";
		};
		711706951A76C44A00F225D5 /* Supporting Files */ = {
			isa = PBXGroup;
			children = (
				711706961A76C44A00F225D5 /* Info.plist */,
			);
			name = "Supporting Files";
			sourceTree = "<group>";
		};
/* End PBXGroup section */

/* Begin PBXNativeTarget section */
		7117067B1A76C44A00F225D5 /* War */ = {
			isa = PBXNativeTarget;
			buildConfigurationList = 7117069B1A76C44A00F225D5 /* Build configuration list for PBXNativeTarget "War" */;
			buildPhases = (
				711706781A76C44A00F225D5 /* Sources */,
				711706791A76C44A00F225D5 /* Frameworks */,
				7117067A1A76C44A00F225D5 /* Resources */,
			);
			buildRules = (
			);
			dependencies = (
			);
			name = War;
			productName = War;
			productReference = 7117067C1A76C44A00F225D5 /* War.app */;
			productType = "com.apple.product-type.application";
		};
		711706901A76C44A00F225D5 /* WarTests */ = {
			isa = PBXNativeTarget;
			buildConfigurationList = 7117069E1A76C44A00F225D5 /* Build configuration list for PBXNativeTarget "WarTests" */;
			buildPhases = (
				7117068D1A76C44A00F225D5 /* Sources */,
				7117068E1A76C44A00F225D5 /* Frameworks */,
				7117068F1A76C44A00F225D5 /* Resources */,
			);
			buildRules = (
			);
			dependencies = (
				711706931A76C44A00F225D5 /* PBXTargetDependency */,
			);
			name = WarTests;
			productName = WarTests;
			productReference = 711706911A76C44A00F225D5 /* WarTests.xctest */;
			productType = "com.apple.product-type.bundle.unit-test";
		};
/* End PBXNativeTarget section */

/* Begin PBXProject section */
		711706741A76C44A00F225D5 /* Project object */ = {
			isa = PBXProject;
			attributes = {
				LastUpgradeCheck = 0610;
				ORGANIZATIONNAME = "Gordon Situ";
				TargetAttributes = {
					7117067B1A76C44A00F225D5 = {
						CreatedOnToolsVersion = 6.1.1;
					};
					711706901A76C44A00F225D5 = {
						CreatedOnToolsVersion = 6.1.1;
						TestTargetID = 7117067B1A76C44A00F225D5;
					};
				};
			};
			buildConfigurationList = 711706771A76C44A00F225D5 /* Build configuration list for PBXProject "War" */;
			compatibilityVersion = "Xcode 3.2";
			developmentRegion = English;
			hasScannedForEncodings = 0;
			knownRegions = (
				en,
				Base,
			);
			mainGroup = 711706731A76C44A00F225D5;
			productRefGroup = 7117067D1A76C44A00F225D5 /* Products */;
			projectDirPath = "";
			projectRoot = "";
			targets = (
				7117067B1A76C44A00F225D5 /* War */,
				711706901A76C44A00F225D5 /* WarTests */,
			);
		};
/* End PBXProject section */

/* Begin PBXResourcesBuildPhase section */
		7117067A1A76C44A00F225D5 /* Resources */ = {
			isa = PBXResourcesBuildPhase;
			buildActionMask = 2147483647;
			files = (
				711706871A76C44A00F225D5 /* Main.storyboard in Resources */,
				7117068C1A76C44A00F225D5 /* LaunchScreen.xib in Resources */,
				711706891A76C44A00F225D5 /* Images.xcassets in Resources */,
			);
			runOnlyForDeploymentPostprocessing = 0;
		};
		7117068F1A76C44A00F225D5 /* Resources */ = {
			isa = PBXResourcesBuildPhase;
			buildActionMask = 2147483647;
			files = (
			);
			runOnlyForDeploymentPostprocessing = 0;
		};
/* End PBXResourcesBuildPhase section */

/* Begin PBXSourcesBuildPhase section */
		711706781A76C44A00F225D5 /* Sources */ = {
			isa = PBXSourcesBuildPhase;
			buildActionMask = 2147483647;
			files = (
				711706841A76C44A00F225D5 /* ViewController.swift in Sources */,
				711706821A76C44A00F225D5 /* AppDelegate.swift in Sources */,
			);
			runOnlyForDeploymentPostprocessing = 0;
		};
		7117068D1A76C44A00F225D5 /* Sources */ = {
			isa = PBXSourcesBuildPhase;
			buildActionMask = 2147483647;
			files = (
				711706981A76C44A00F225D5 /* WarTests.swift in Sources */,
			);
			runOnlyForDeploymentPostprocessing = 0;
		};
/* End PBXSourcesBuildPhase section */

/* Begin PBXTargetDependency section */
		711706931A76C44A00F225D5 /* PBXTargetDependency */ = {
			isa = PBXTargetDependency;
			target = 7117067B1A76C44A00F225D5 /* War */;
			targetProxy = 711706921A76C44A00F225D5 /* PBXContainerItemProxy */;
		};
/* End PBXTargetDependency section */

/* Begin PBXVariantGroup section */
		711706851A76C44A00F225D5 /* Main.storyboard */ = {
			isa = PBXVariantGroup;
			children = (
				711706861A76C44A00F225D5 /* Base */,
			);
			name = Main.storyboard;
			sourceTree = "<group>";
		};
		7117068A1A76C44A00F225D5 /* LaunchScreen.xib */ = {
			isa = PBXVariantGroup;
			children = (
				7117068B1A76C44A00F225D5 /* Base */,
			);
			name = LaunchScreen.xib;
			sourceTree = "<group>";
		};
/* End PBXVariantGroup section */

/* Begin XCBuildConfiguration section */
		711706991A76C44A00F225D5 /* Debug */ = {
			isa = XCBuildConfiguration;
			buildSettings = {
				ALWAYS_SEARCH_USER_PATHS = NO;
				CLANG_CXX_LANGUAGE_STANDARD = "gnu++0x";
				CLANG_CXX_LIBRARY = "libc++";
				CLANG_ENABLE_MODULES = YES;
				CLANG_ENABLE_OBJC_ARC = YES;
				CLANG_WARN_BOOL_CONVERSION = YES;
				CLANG_WARN_CONSTANT_CONVERSION = YES;
				CLANG_WARN_DIRECT_OBJC_ISA_USAGE = YES_ERROR;
				CLANG_WARN_EMPTY_BODY = YES;
				CLANG_WARN_ENUM_CONVERSION = YES;
				CLANG_WARN_INT_CONVERSION = YES;
				CLANG_WARN_OBJC_ROOT_CLASS = YES_ERROR;
				CLANG_WARN_UNREACHABLE_CODE = YES;
				CLANG_WARN__DUPLICATE_METHOD_MATCH = YES;
				"CODE_SIGN_IDENTITY[sdk=iphoneos*]" = "iPhone Developer";
				COPY_PHASE_STRIP = NO;
				ENABLE_STRICT_OBJC_MSGSEND = YES;
				GCC_C_LANGUAGE_STANDARD = gnu99;
				GCC_DYNAMIC_NO_PIC = NO;
				GCC_OPTIMIZATION_LEVEL = 0;
				GCC_PREPROCESSOR_DEFINITIONS = (
					"DEBUG=1",
					"$(inherited)",
				);
				GCC_SYMBOLS_PRIVATE_EXTERN = NO;
				GCC_WARN_64_TO_32_BIT_CONVERSION = YES;
				GCC_WARN_ABOUT_RETURN_TYPE = YES_ERROR;
				GCC_WARN_UNDECLARED_SELECTOR = YES;
				GCC_WARN_UNINITIALIZED_AUTOS = YES_AGGRESSIVE;
				GCC_WARN_UNUSED_FUNCTION = YES;
				GCC_WARN_UNUSED_VARIABLE = YES;
				IPHONEOS_DEPLOYMENT_TARGET = 8.1;
				MTL_ENABLE_DEBUG_INFO = YES;
				ONLY_ACTIVE_ARCH = YES;
				SDKROOT = iphoneos;
				SWIFT_OPTIMIZATION_LEVEL = "-Onone";
			};
			name = Debug;
		};
		7117069A1A76C44A00F225D5 /* Release */ = {
			isa = XCBuildConfiguration;
			buildSettings = {
				ALWAYS_SEARCH_USER_PATHS = NO;
				CLANG_CXX_LANGUAGE_STANDARD = "gnu++0x";
				CLANG_CXX_LIBRARY = "libc++";
				CLANG_ENABLE_MODULES = YES;
				CLANG_ENABLE_OBJC_ARC = YES;
				CLANG_WARN_BOOL_CONVERSION = YES;
				CLANG_WARN_CONSTANT_CONVERSION = YES;
				CLANG_WARN_DIRECT_OBJC_ISA_USAGE = YES_ERROR;
				CLANG_WARN_EMPTY_BODY = YES;
				CLANG_WARN_ENUM_CONVERSION = YES;
				CLANG_WARN_INT_CONVERSION = YES;
				CLANG_WARN_OBJC_ROOT_CLASS = YES_ERROR;
				CLANG_WARN_UNREACHABLE_CODE = YES;
				CLANG_WARN__DUPLICATE_METHOD_MATCH = YES;
				"CODE_SIGN_IDENTITY[sdk=iphoneos*]" = "iPhone Developer";
				COPY_PHASE_STRIP = YES;
				ENABLE_NS_ASSERTIONS = NO;
				ENABLE_STRICT_OBJC_MSGSEND = YES;
				GCC_C_LANGUAGE_STANDARD = gnu99;
				GCC_WARN_64_TO_32_BIT_CONVERSION = YES;
				GCC_WARN_ABOUT_RETURN_TYPE = YES_ERROR;
				GCC_WARN_UNDECLARED_SELECTOR = YES;
				GCC_WARN_UNINITIALIZED_AUTOS = YES_AGGRESSIVE;
				GCC_WARN_UNUSED_FUNCTION = YES;
				GCC_WARN_UNUSED_VARIABLE = YES;
				IPHONEOS_DEPLOYMENT_TARGET = 8.1;
				MTL_ENABLE_DEBUG_INFO = NO;
				SDKROOT = iphoneos;
				VALIDATE_PRODUCT = YES;
			};
			name = Release;
		};
		7117069C1A76C44A00F225D5 /* Debug */ = {
			isa = XCBuildConfiguration;
			buildSettings = {
				ASSETCATALOG_COMPILER_APPICON_NAME = AppIcon;
				CODE_SIGN_IDENTITY = "iPhone Developer";
				INFOPLIST_FILE = War/Info.plist;
				LD_RUNPATH_SEARCH_PATHS = "$(inherited) @executable_path/Frameworks";
				PRODUCT_NAME = "$(TARGET_NAME)";
			};
			name = Debug;
		};
		7117069D1A76C44A00F225D5 /* Release */ = {
			isa = XCBuildConfiguration;
			buildSettings = {
				ASSETCATALOG_COMPILER_APPICON_NAME = AppIcon;
				CODE_SIGN_IDENTITY = "iPhone Developer";
				INFOPLIST_FILE = War/Info.plist;
				LD_RUNPATH_SEARCH_PATHS = "$(inherited) @executable_path/Frameworks";
				PRODUCT_NAME = "$(TARGET_NAME)";
			};
			name = Release;
		};
		7117069F1A76C44A00F225D5 /* Debug */ = {
			isa = XCBuildConfiguration;
			buildSettings = {
				BUNDLE_LOADER = "$(TEST_HOST)";
				FRAMEWORK_SEARCH_PATHS = (
					"$(SDKROOT)/Developer/Library/Frameworks",
					"$(inherited)",
				);
				GCC_PREPROCESSOR_DEFINITIONS = (
					"DEBUG=1",
					"$(inherited)",
				);
				INFOPLIST_FILE = WarTests/Info.plist;
				LD_RUNPATH_SEARCH_PATHS = "$(inherited) @executable_path/Frameworks @loader_path/Frameworks";
				PRODUCT_NAME = "$(TARGET_NAME)";
				TEST_HOST = "$(BUILT_PRODUCTS_DIR)/War.app/War";
			};
			name = Debug;
		};
		711706A01A76C44A00F225D5 /* Release */ = {
			isa = XCBuildConfiguration;
			buildSettings = {
				BUNDLE_LOADER = "$(TEST_HOST)";
				FRAMEWORK_SEARCH_PATHS = (
					"$(SDKROOT)/Developer/Library/Frameworks",
					"$(inherited)",
				);
				INFOPLIST_FILE = WarTests/Info.plist;
				LD_RUNPATH_SEARCH_PATHS = "$(inherited) @executable_path/Frameworks @loader_path/Frameworks";
				PRODUCT_NAME = "$(TARGET_NAME)";
				TEST_HOST = "$(BUILT_PRODUCTS_DIR)/War.app/War";
			};
			name = Release;
		};
/* End XCBuildConfiguration section */

/* Begin XCConfigurationList section */
		711706771A76C44A00F225D5 /* Build configuration list for PBXProject "War" */ = {
			isa = XCConfigurationList;
			buildConfigurations = (
				711706991A76C44A00F225D5 /* Debug */,
				7117069A1A76C44A00F225D5 /* Release */,
			);
			defaultConfigurationIsVisible = 0;
			defaultConfigurationName = Release;
		};
		7117069B1A76C44A00F225D5 /* Build configuration list for PBXNativeTarget "War" */ = {
			isa = XCConfigurationList;
			buildConfigurations = (
				7117069C1A76C44A00F225D5 /* Debug */,
				7117069D1A76C44A00F225D5 /* Release */,
			);
			defaultConfigurationIsVisible = 0;
		};
		7117069E1A76C44A00F225D5 /* Build configuration list for PBXNativeTarget "WarTests" */ = {
			isa = XCConfigurationList;
			buildConfigurations = (
				7117069F1A76C44A00F225D5 /* Debug */,
				711706A01A76C44A00F225D5 /* Release */,
			);
			defaultConfigurationIsVisible = 0;
		};
/* End XCConfigurationList section */
	};
	rootObject = 711706741A76C44A00F225D5 /* Project object */;
}
